
Microsoft Visual Studio Solution File, Format Version 12.00
# Visual Studio Version 17
VisualStudioVersion = 17.13.35931.197
MinimumVisualStudioVersion = 10.0.40219.1
Project("{FAE04EC0-301F-11D3-BF4B-00C04F79EFBC}") = "Tubes_KPL", "Tubes_KPL\Tubes_KPL.csproj", "{C5F914A1-47B1-42B3-9419-D83798ADDAA0}"
EndProject
Project("{FAE04EC0-301F-11D3-BF4B-00C04F79EFBC}") = "Tubes_API", "Tubes_API\Tubes_API.csproj", "{C788C60F-43B9-4396-84F2-707155B9AB1F}"
EndProject
Project("{FAE04EC0-301F-11D3-BF4B-00C04F79EFBC}") = "Tubes_API_Test", "Tubes_API_Test\Tubes_API_Test.csproj", "{B638606E-460E-4E83-B990-4C54827D6FAE}"
EndProject
Project("{FAE04EC0-301F-11D3-BF4B-00C04F79EFBC}") = "TUBESGUI", "TUBESGUI\TUBESGUI.csproj", "{F79F824C-CCE1-4067-B7D7-08B9CB77785A}"
EndProject
Global
	GlobalSection(SolutionConfigurationPlatforms) = preSolution
		Debug|Any CPU = Debug|Any CPU
		Release|Any CPU = Release|Any CPU
	EndGlobalSection
	GlobalSection(ProjectConfigurationPlatforms) = postSolution
		{C5F914A1-47B1-42B3-9419-D83798ADDAA0}.Debug|Any CPU.ActiveCfg = Debug|Any CPU
		{C5F914A1-47B1-42B3-9419-D83798ADDAA0}.Debug|Any CPU.Build.0 = Debug|Any CPU
		{C5F914A1-47B1-42B3-9419-D83798ADDAA0}.Release|Any CPU.ActiveCfg = Release|Any CPU
		{C5F914A1-47B1-42B3-9419-D83798ADDAA0}.Release|Any CPU.Build.0 = Release|Any CPU
		{C788C60F-43B9-4396-84F2-707155B9AB1F}.Debug|Any CPU.ActiveCfg = Debug|Any CPU
		{C788C60F-43B9-4396-84F2-707155B9AB1F}.Debug|Any CPU.Build.0 = Debug|Any CPU
		{C788C60F-43B9-4396-84F2-707155B9AB1F}.Release|Any CPU.ActiveCfg = Release|Any CPU
		{C788C60F-43B9-4396-84F2-707155B9AB1F}.Release|Any CPU.Build.0 = Release|Any CPU
		{B638606E-460E-4E83-B990-4C54827D6FAE}.Debug|Any CPU.ActiveCfg = Debug|Any CPU
		{B638606E-460E-4E83-B990-4C54827D6FAE}.Debug|Any CPU.Build.0 = Debug|Any CPU
		{B638606E-460E-4E83-B990-4C54827D6FAE}.Release|Any CPU.ActiveCfg = Release|Any CPU
		{B638606E-460E-4E83-B990-4C54827D6FAE}.Release|Any CPU.Build.0 = Release|Any CPU
		{F79F824C-CCE1-4067-B7D7-08B9CB77785A}.Debug|Any CPU.ActiveCfg = Debug|Any CPU
		{F79F824C-CCE1-4067-B7D7-08B9CB77785A}.Debug|Any CPU.Build.0 = Debug|Any CPU
		{F79F824C-CCE1-4067-B7D7-08B9CB77785A}.Release|Any CPU.ActiveCfg = Release|Any CPU
		{F79F824C-CCE1-4067-B7D7-08B9CB77785A}.Release|Any CPU.Build.0 = Release|Any CPU
	EndGlobalSection
	GlobalSection(SolutionProperties) = preSolution
		HideSolutionNode = FALSE
	EndGlobalSection
	GlobalSection(ExtensibilityGlobals) = postSolution
		SolutionGuid = {2034879C-F4A7-41FA-BF49-9D20E16928F8}
	EndGlobalSection
EndGlobal
